{
  "name": "mat-table-filter",
  "version": "0.0.1",
  "lockfileVersion": 2,
  "requires": true,
  "packages": {
    "": {
      "name": "mat-table-filter",
      "version": "0.0.1",
      "dependencies": {
        "tsconfig-paths": "^3.9.0",
        "tslib": "^2.2.0"
      },
      "peerDependencies": {
        "@angular/common": "12.1.2",
        "@angular/core": "12.1.2",
        "@angular/forms": "12.1.2",
        "@angular/material": "12.1.2"
      }
    },
    "node_modules/@angular/animations": {
      "version": "12.1.2",
      "resolved": "http://tfs:8081/repository/npm-group/@angular/animations/-/animations-12.1.2.tgz",
      "integrity": "sha512-gFRObY32h33tHI60NS0A6DXKL/Y9h8Efo3s2leIsInuYdxZBb7/vlJu4i5AJWEdFZNcY6TDBxK1vi37xlLdLlQ==",
      "license": "MIT",
      "peer": true,
      "dependencies": {
        "tslib": "^2.2.0"
      },
      "engines": {
        "node": "^12.14.1 || >=14.0.0"
      },
      "peerDependencies": {
        "@angular/core": "12.1.2"
      }
    },
    "node_modules/@angular/cdk": {
      "version": "12.1.2",
      "resolved": "http://tfs:8081/repository/npm-group/@angular/cdk/-/cdk-12.1.2.tgz",
      "integrity": "sha512-ALupZejZDsVYcbNZcEH1cV8SDgVBL40FAwDnlSZxCgd0HOBHH0ZqQV+8z0uCQeMatoNM+SwmJ8Y1JXYh9Bqfiw==",
      "license": "MIT",
      "peer": true,
      "dependencies": {
        "tslib": "^2.2.0"
      },
      "optionalDependencies": {
        "parse5": "^5.0.0"
      },
      "peerDependencies": {
        "@angular/common": "^12.0.0 || ^13.0.0-0",
        "@angular/core": "^12.0.0 || ^13.0.0-0",
        "rxjs": "^6.5.3"
      }
    },
    "node_modules/@angular/common": {
      "version": "12.1.2",
      "resolved": "http://tfs:8081/repository/npm-group/@angular/common/-/common-12.1.2.tgz",
      "integrity": "sha512-/sf8iPZwHceMD4xNH4E8qjxXWAypjxmJBlv+9OczS1pGvYATBB9CaKCJQ73c6Yks9Cqz37q1DMWK3S376YWZMQ==",
      "license": "MIT",
      "peer": true,
      "dependencies": {
        "tslib": "^2.2.0"
      },
      "engines": {
        "node": "^12.14.1 || >=14.0.0"
      },
      "peerDependencies": {
        "@angular/core": "12.1.2",
        "rxjs": "^6.5.3"
      }
    },
    "node_modules/@angular/core": {
      "version": "12.1.2",
      "resolved": "http://tfs:8081/repository/npm-group/@angular/core/-/core-12.1.2.tgz",
      "integrity": "sha512-+JvM9fNICKMdfXpaKR0zSWMrrMCp78N1056Di2/RxLxvycm/TegjHq0IXVqpY9hMccZXjjCTl0EUNVMFZ2mkcg==",
      "license": "MIT",
      "peer": true,
      "dependencies": {
        "tslib": "^2.2.0"
      },
      "engines": {
        "node": "^12.14.1 || >=14.0.0"
      },
      "peerDependencies": {
        "rxjs": "^6.5.3",
        "zone.js": "~0.11.4"
      }
    },
    "node_modules/@angular/forms": {
      "version": "12.1.2",
      "resolved": "http://tfs:8081/repository/npm-group/@angular/forms/-/forms-12.1.2.tgz",
      "integrity": "sha512-cJ8zoaQpOtjTwPc0ObH6qXM0k9MWl+8eGL3jDtf01n0ByZXWFZ+2oQHmU64rO8sJntUR8LPvbXFJRMNd0ZpdsQ==",
      "license": "MIT",
      "peer": true,
      "dependencies": {
        "tslib": "^2.2.0"
      },
      "engines": {
        "node": "^12.14.1 || >=14.0.0"
      },
      "peerDependencies": {
        "@angular/common": "12.1.2",
        "@angular/core": "12.1.2",
        "@angular/platform-browser": "12.1.2",
        "rxjs": "^6.5.3"
      }
    },
    "node_modules/@angular/material": {
      "version": "12.1.2",
      "resolved": "http://tfs:8081/repository/npm-group/@angular/material/-/material-12.1.2.tgz",
      "integrity": "sha512-DpqnvwnVqaudFRXTNyJR8r/gbKG4RtE3RGc6q4FgdN9SOfRh/q/yYyNnOUnbCwPgLTmkfGz+bj7++GA8gzhSkg==",
      "license": "MIT",
      "peer": true,
      "dependencies": {
        "tslib": "^2.2.0"
      },
      "peerDependencies": {
        "@angular/animations": "^12.0.0 || ^13.0.0-0",
        "@angular/cdk": "12.1.2",
        "@angular/common": "^12.0.0 || ^13.0.0-0",
        "@angular/core": "^12.0.0 || ^13.0.0-0",
        "@angular/forms": "^12.0.0 || ^13.0.0-0",
        "rxjs": "^6.5.3"
      }
    },
    "node_modules/@angular/platform-browser": {
      "version": "12.1.2",
      "resolved": "http://tfs:8081/repository/npm-group/@angular/platform-browser/-/platform-browser-12.1.2.tgz",
      "integrity": "sha512-QDtRZQDn0yrcuNoxDLrawCG8Pe5DdhJFy4tmMEpUYBpFZT+9qsRf5RD01QbzvbDKxwxgsce/783WZoPImMqaIA==",
      "license": "MIT",
      "peer": true,
      "dependencies": {
        "tslib": "^2.2.0"
      },
      "engines": {
        "node": "^12.14.1 || >=14.0.0"
      },
      "peerDependencies": {
        "@angular/animations": "12.1.2",
        "@angular/common": "12.1.2",
        "@angular/core": "12.1.2"
      },
      "peerDependenciesMeta": {
        "@angular/animations": {
          "optional": true
        }
      }
    },
    "node_modules/@types/json5": {
      "version": "0.0.29",
      "resolved": "http://tfs:8081/repository/npm-group/@types/json5/-/json5-0.0.29.tgz",
      "integrity": "sha1-7ihweulOEdK4J7y+UnC86n8+ce4=",
      "license": "MIT"
    },
    "node_modules/json5": {
      "version": "1.0.1",
      "resolved": "http://tfs:8081/repository/npm-group/json5/-/json5-1.0.1.tgz",
      "integrity": "sha512-aKS4WQjPenRxiQsC93MNfjx+nbF4PAdYzmd/1JIj8HYzqfbu86beTuNgXDzPknWk0n0uARlyewZo4s++ES36Ow==",
      "license": "MIT",
      "dependencies": {
        "minimist": "^1.2.0"
      },
      "bin": {
        "json5": "lib/cli.js"
      }
    },
    "node_modules/minimist": {
      "version": "1.2.6",
      "resolved": "http://tfs:8081/repository/npm-group/minimist/-/minimist-1.2.6.tgz",
      "integrity": "sha512-Jsjnk4bw3YJqYzbdyBiNsPWHPfO++UGG749Cxs6peCu5Xg4nrena6OVxOYxrQTqww0Jmwt+Ref8rggumkTLz9Q==",
      "license": "MIT"
    },
    "node_modules/parse5": {
      "version": "5.1.1",
      "resolved": "http://tfs:8081/repository/npm-group/parse5/-/parse5-5.1.1.tgz",
      "integrity": "sha512-ugq4DFI0Ptb+WWjAdOK16+u/nHfiIrcE+sh8kZMaM0WllQKLI9rOUq6c2b7cwPkXdzfQESqvoqK6ug7U/Yyzug==",
      "license": "MIT",
      "optional": true,
      "peer": true
    },
    "node_modules/rxjs": {
      "version": "7.4.0",
      "resolved": "http://tfs:8081/repository/npm-group/rxjs/-/rxjs-7.4.0.tgz",
      "integrity": "sha512-7SQDi7xeTMCJpqViXh8gL/lebcwlp3d831F05+9B44A4B0WfsEwUQHR64gsH1kvJ+Ep/J9K2+n1hVl1CsGN23w==",
      "license": "Apache-2.0",
      "peer": true,
      "dependencies": {
        "tslib": "~2.1.0"
      }
    },
    "node_modules/rxjs/node_modules/tslib": {
      "version": "2.1.0",
      "resolved": "http://tfs:8081/repository/npm-group/tslib/-/tslib-2.1.0.tgz",
      "integrity": "sha512-hcVC3wYEziELGGmEEXue7D75zbwIIVUMWAVbHItGPx0ziyXxrOMQx4rQEVEV45Ut/1IotuEvwqPopzIOkDMf0A==",
      "license": "0BSD",
      "peer": true
    },
    "node_modules/strip-bom": {
      "version": "3.0.0",
      "resolved": "http://tfs:8081/repository/npm-group/strip-bom/-/strip-bom-3.0.0.tgz",
      "integrity": "sha1-IzTBjpx1n3vdVv3vfprj1YjmjtM=",
      "license": "MIT",
      "engines": {
        "node": ">=4"
      }
    },
    "node_modules/tsconfig-paths": {
      "version": "3.14.1",
      "resolved": "http://tfs:8081/repository/npm-group/tsconfig-paths/-/tsconfig-paths-3.14.1.tgz",
      "integrity": "sha512-fxDhWnFSLt3VuTwtvJt5fpwxBHg5AdKWMsgcPOOIilyjymcYVZoCQF8fvFRezCNfblEXmi+PcM1eYHeOAgXCOQ==",
      "license": "MIT",
      "dependencies": {
        "@types/json5": "^0.0.29",
        "json5": "^1.0.1",
        "minimist": "^1.2.6",
        "strip-bom": "^3.0.0"
      }
    },
    "node_modules/tslib": {
      "version": "2.4.0",
      "resolved": "http://tfs:8081/repository/npm-group/tslib/-/tslib-2.4.0.tgz",
      "integrity": "sha512-d6xOpEDfsi2CZVlPQzGeux8XMwLT9hssAsaPYExaQMuYskwb+x1x7J371tWlbBdWHroy99KnVB6qIkUbs5X3UQ==",
      "license": "0BSD"
    },
    "node_modules/zone.js": {
      "version": "0.11.5",
      "resolved": "http://tfs:8081/repository/npm-group/zone.js/-/zone.js-0.11.5.tgz",
      "integrity": "sha512-D1/7VxEuQ7xk6z/kAROe4SUbd9CzxY4zOwVGnGHerd/SgLIVU5f4esDzQUsOCeArn933BZfWMKydH7l7dPEp0g==",
      "license": "MIT",
      "peer": true,
      "dependencies": {
        "tslib": "^2.3.0"
      }
    }
  },
  "dependencies": {
    "@angular/animations": {
      "version": "12.1.2",
      "resolved": "http://tfs:8081/repository/npm-group/@angular/animations/-/animations-12.1.2.tgz",
      "integrity": "sha512-gFRObY32h33tHI60NS0A6DXKL/Y9h8Efo3s2leIsInuYdxZBb7/vlJu4i5AJWEdFZNcY6TDBxK1vi37xlLdLlQ==",
      "peer": true,
      "requires": {
        "tslib": "^2.2.0"
      }
    },
    "@angular/cdk": {
      "version": "12.1.2",
      "resolved": "http://tfs:8081/repository/npm-group/@angular/cdk/-/cdk-12.1.2.tgz",
      "integrity": "sha512-ALupZejZDsVYcbNZcEH1cV8SDgVBL40FAwDnlSZxCgd0HOBHH0ZqQV+8z0uCQeMatoNM+SwmJ8Y1JXYh9Bqfiw==",
      "peer": true,
      "requires": {
        "parse5": "^5.0.0",
        "tslib": "^2.2.0"
      }
    },
    "@angular/common": {
      "version": "12.1.2",
      "resolved": "http://tfs:8081/repository/npm-group/@angular/common/-/common-12.1.2.tgz",
      "integrity": "sha512-/sf8iPZwHceMD4xNH4E8qjxXWAypjxmJBlv+9OczS1pGvYATBB9CaKCJQ73c6Yks9Cqz37q1DMWK3S376YWZMQ==",
      "peer": true,
      "requires": {
        "tslib": "^2.2.0"
      }
    },
    "@angular/core": {
      "version": "12.1.2",
      "resolved": "http://tfs:8081/repository/npm-group/@angular/core/-/core-12.1.2.tgz",
      "integrity": "sha512-+JvM9fNICKMdfXpaKR0zSWMrrMCp78N1056Di2/RxLxvycm/TegjHq0IXVqpY9hMccZXjjCTl0EUNVMFZ2mkcg==",
      "peer": true,
      "requires": {
        "tslib": "^2.2.0"
      }
    },
    "@angular/forms": {
      "version": "12.1.2",
      "resolved": "http://tfs:8081/repository/npm-group/@angular/forms/-/forms-12.1.2.tgz",
      "integrity": "sha512-cJ8zoaQpOtjTwPc0ObH6qXM0k9MWl+8eGL3jDtf01n0ByZXWFZ+2oQHmU64rO8sJntUR8LPvbXFJRMNd0ZpdsQ==",
      "peer": true,
      "requires": {
        "tslib": "^2.2.0"
      }
    },
    "@angular/material": {
      "version": "12.1.2",
      "resolved": "http://tfs:8081/repository/npm-group/@angular/material/-/material-12.1.2.tgz",
      "integrity": "sha512-DpqnvwnVqaudFRXTNyJR8r/gbKG4RtE3RGc6q4FgdN9SOfRh/q/yYyNnOUnbCwPgLTmkfGz+bj7++GA8gzhSkg==",
      "peer": true,
      "requires": {
        "tslib": "^2.2.0"
      }
    },
    "@angular/platform-browser": {
      "version": "12.1.2",
      "resolved": "http://tfs:8081/repository/npm-group/@angular/platform-browser/-/platform-browser-12.1.2.tgz",
      "integrity": "sha512-QDtRZQDn0yrcuNoxDLrawCG8Pe5DdhJFy4tmMEpUYBpFZT+9qsRf5RD01QbzvbDKxwxgsce/783WZoPImMqaIA==",
      "peer": true,
      "requires": {
        "tslib": "^2.2.0"
      }
    },
    "@types/json5": {
      "version": "0.0.29",
      "resolved": "http://tfs:8081/repository/npm-group/@types/json5/-/json5-0.0.29.tgz",
      "integrity": "sha1-7ihweulOEdK4J7y+UnC86n8+ce4="
    },
    "json5": {
      "version": "1.0.1",
      "resolved": "http://tfs:8081/repository/npm-group/json5/-/json5-1.0.1.tgz",
      "integrity": "sha512-aKS4WQjPenRxiQsC93MNfjx+nbF4PAdYzmd/1JIj8HYzqfbu86beTuNgXDzPknWk0n0uARlyewZo4s++ES36Ow==",
      "requires": {
        "minimist": "^1.2.0"
      }
    },
    "minimist": {
      "version": "1.2.6",
      "resolved": "http://tfs:8081/repository/npm-group/minimist/-/minimist-1.2.6.tgz",
      "integrity": "sha512-Jsjnk4bw3YJqYzbdyBiNsPWHPfO++UGG749Cxs6peCu5Xg4nrena6OVxOYxrQTqww0Jmwt+Ref8rggumkTLz9Q=="
    },
    "parse5": {
      "version": "5.1.1",
      "resolved": "http://tfs:8081/repository/npm-group/parse5/-/parse5-5.1.1.tgz",
      "integrity": "sha512-ugq4DFI0Ptb+WWjAdOK16+u/nHfiIrcE+sh8kZMaM0WllQKLI9rOUq6c2b7cwPkXdzfQESqvoqK6ug7U/Yyzug==",
      "optional": true,
      "peer": true
    },
    "rxjs": {
      "version": "http://tfs:8081/repository/npm-group/rxjs/-/rxjs-7.4.0.tgz",
      "integrity": "sha512-7SQDi7xeTMCJpqViXh8gL/lebcwlp3d831F05+9B44A4B0WfsEwUQHR64gsH1kvJ+Ep/J9K2+n1hVl1CsGN23w==",
      "peer": true,
      "requires": {
        "tslib": "~2.1.0"
      },
      "dependencies": {
        "tslib": {
          "version": "2.1.0",
          "resolved": "http://tfs:8081/repository/npm-group/tslib/-/tslib-2.1.0.tgz",
          "integrity": "sha512-hcVC3wYEziELGGmEEXue7D75zbwIIVUMWAVbHItGPx0ziyXxrOMQx4rQEVEV45Ut/1IotuEvwqPopzIOkDMf0A==",
          "peer": true
        }
      }
    },
    "strip-bom": {
      "version": "3.0.0",
      "resolved": "http://tfs:8081/repository/npm-group/strip-bom/-/strip-bom-3.0.0.tgz",
      "integrity": "sha1-IzTBjpx1n3vdVv3vfprj1YjmjtM="
    },
    "tsconfig-paths": {
      "version": "3.14.1",
      "resolved": "http://tfs:8081/repository/npm-group/tsconfig-paths/-/tsconfig-paths-3.14.1.tgz",
      "integrity": "sha512-fxDhWnFSLt3VuTwtvJt5fpwxBHg5AdKWMsgcPOOIilyjymcYVZoCQF8fvFRezCNfblEXmi+PcM1eYHeOAgXCOQ==",
      "requires": {
        "@types/json5": "^0.0.29",
        "json5": "^1.0.1",
        "minimist": "^1.2.6",
        "strip-bom": "^3.0.0"
      }
    },
    "tslib": {
      "version": "2.4.0",
      "resolved": "http://tfs:8081/repository/npm-group/tslib/-/tslib-2.4.0.tgz",
      "integrity": "sha512-d6xOpEDfsi2CZVlPQzGeux8XMwLT9hssAsaPYExaQMuYskwb+x1x7J371tWlbBdWHroy99KnVB6qIkUbs5X3UQ=="
    },
    "zone.js": {
      "version": "0.11.5",
      "resolved": "http://tfs:8081/repository/npm-group/zone.js/-/zone.js-0.11.5.tgz",
      "integrity": "sha512-D1/7VxEuQ7xk6z/kAROe4SUbd9CzxY4zOwVGnGHerd/SgLIVU5f4esDzQUsOCeArn933BZfWMKydH7l7dPEp0g==",
      "peer": true,
      "requires": {
        "tslib": "^2.3.0"
      }
    }
  }
}
