
Microsoft Visual Studio Solution File, Format Version 12.00
# Visual Studio 15
VisualStudioVersion = 15.0.27004.2005
MinimumVisualStudioVersion = 10.0.40219.1
Project("{9A19103F-16F7-4668-BE54-9A1E7A4F7556}") = "DatingApp.API", "DatingApp.API.csproj", "{C5A6E35E-CA08-4489-B1D1-11E5A8F56FF1}"
EndProject
Global
	GlobalSection(SolutionConfigurationPlatforms) = preSolution
		Debug|Any CPU = Debug|Any CPU
		Release|Any CPU = Release|Any CPU
	EndGlobalSection
	GlobalSection(ProjectConfigurationPlatforms) = postSolution
		{C5A6E35E-CA08-4489-B1D1-11E5A8F56FF1}.Debug|Any CPU.ActiveCfg = Debug|Any CPU
		{C5A6E35E-CA08-4489-B1D1-11E5A8F56FF1}.Debug|Any CPU.Build.0 = Debug|Any CPU
		{C5A6E35E-CA08-4489-B1D1-11E5A8F56FF1}.Release|Any CPU.ActiveCfg = Release|Any CPU
		{C5A6E35E-CA08-4489-B1D1-11E5A8F56FF1}.Release|Any CPU.Build.0 = Release|Any CPU
	EndGlobalSection
	GlobalSection(SolutionProperties) = preSolution
		HideSolutionNode = FALSE
	EndGlobalSection
	GlobalSection(ExtensibilityGlobals) = postSolution
		SolutionGuid = {05ED2144-9086-43E3-B520-50FF96AB34B1}
	EndGlobalSection
EndGlobal
